
Microsoft Visual Studio Solution File, Format Version 12.00
# Visual Studio Version 17
VisualStudioVersion = 17.0.32014.148
MinimumVisualStudioVersion = 10.0.40219.1
Project("{FAE04EC0-301F-11D3-BF4B-00C04F79EFBC}") = "Sem 3 Lab 5 C_Sharp", "Sem 3 Lab 5 C_Sharp\Sem 3 Lab 5 C_Sharp.csproj", "{20DF67EA-E8B3-4677-8F92-C5F2208BBC1A}"
EndProject
Global
	GlobalSection(SolutionConfigurationPlatforms) = preSolution
		Debug|Any CPU = Debug|Any CPU
		Release|Any CPU = Release|Any CPU
	EndGlobalSection
	GlobalSection(ProjectConfigurationPlatforms) = postSolution
		{20DF67EA-E8B3-4677-8F92-C5F2208BBC1A}.Debug|Any CPU.ActiveCfg = Debug|Any CPU
		{20DF67EA-E8B3-4677-8F92-C5F2208BBC1A}.Debug|Any CPU.Build.0 = Debug|Any CPU
		{20DF67EA-E8B3-4677-8F92-C5F2208BBC1A}.Release|Any CPU.ActiveCfg = Release|Any CPU
		{20DF67EA-E8B3-4677-8F92-C5F2208BBC1A}.Release|Any CPU.Build.0 = Release|Any CPU
	EndGlobalSection
	GlobalSection(SolutionProperties) = preSolution
		HideSolutionNode = FALSE
	EndGlobalSection
	GlobalSection(ExtensibilityGlobals) = postSolution
		SolutionGuid = {D96EFBA0-84AA-46AD-89A5-71A696BFE524}
	EndGlobalSection
EndGlobal
